<?xml version="1.0" encoding="UTF-8" standalone="yes" ?>
<CodeBlocks_project_file>
	<FileVersion major="1" minor="6" />
	<Project>
		<Option title="test" />
		<Option pch_mode="2" />
		<Option compiler="mingw_64_7_3_0" />
		<Build>
			<Target title="moon_phase">
				<Option output="moon_phase" prefix_auto="1" extension_auto="1" />
				<Option object_output="obj/Release/" />
				<Option type="1" />
				<Option compiler="mingw_64_7_3_0" />
				<Compiler>
					<Add option="-O2" />
					<Add directory="../../src" />
				</Compiler>
				<Linker>
					<Add option="-s" />
					<Add directory="../../src" />
				</Linker>
			</Target>
			<Target title="julian_date">
				<Option output="julian_date" prefix_auto="1" extension_auto="1" />
				<Option object_output="obj/Release/" />
				<Option type="1" />
				<Option compiler="mingw_64_7_3_0" />
				<Compiler>
					<Add option="-O2" />
					<Add directory="../../src" />
				</Compiler>
				<Linker>
					<Add option="-s" />
					<Add directory="../../src" />
				</Linker>
			</Target>
			<Target title="parse">
				<Option output="parse" prefix_auto="1" extension_auto="1" />
				<Option object_output="obj/Release/" />
				<Option type="1" />
				<Option compiler="mingw_64_7_3_0" />
				<Compiler>
					<Add option="-O2" />
					<Add directory="../../src" />
				</Compiler>
				<Linker>
					<Add option="-s" />
					<Add directory="../../src" />
				</Linker>
			</Target>
			<Target title="ntp">
				<Option output="ntp" prefix_auto="1" extension_auto="1" />
				<Option object_output="obj/Release/" />
				<Option type="1" />
				<Option compiler="mingw_64_7_3_0" />
				<Compiler>
					<Add option="-std=gnu++14" />
					<Add option="-pg" />
					<Add option="-Og" />
					<Add option="-g" />
					<Add directory="../../src" />
				</Compiler>
				<Linker>
					<Add option="-pg -lgmon" />
					<Add library="ws2_32" />
					<Add directory="../../src" />
				</Linker>
			</Target>
			<Target title="pc_time">
				<Option output="julian_date" prefix_auto="1" extension_auto="1" />
				<Option object_output="obj/Release/" />
				<Option type="1" />
				<Option compiler="mingw_64_7_3_0" />
				<Compiler>
					<Add option="-O2" />
					<Add option="-std=c++14" />
					<Add directory="../../src" />
				</Compiler>
				<Linker>
					<Add option="-s" />
					<Add directory="../../src" />
				</Linker>
			</Target>
		</Build>
		<Compiler>
			<Add option="-Wall" />
			<Add option="-fexceptions" />
		</Compiler>
		<Unit filename="../../src/ztime.cpp" />
		<Unit filename="../../src/ztime.hpp" />
		<Unit filename="../../src/ztime_cpu_time.hpp" />
		<Unit filename="../../src/ztime_ntp.hpp">
			<Option target="ntp" />
		</Unit>
		<Unit filename="julian_date.cpp">
			<Option target="julian_date" />
		</Unit>
		<Unit filename="moon_phase.cpp">
			<Option target="moon_phase" />
		</Unit>
		<Unit filename="ntp.cpp">
			<Option target="ntp" />
		</Unit>
		<Unit filename="parse.cpp">
			<Option target="parse" />
		</Unit>
		<Unit filename="pc_time.cpp">
			<Option target="pc_time" />
		</Unit>
		<Extensions />
	</Project>
</CodeBlocks_project_file>
